<Project xmlns="http://schemas.microsoft.com/developer/msbuild/2003">
    <PropertyGroup>
        <ProjectGuid>{8B27A090-60E5-488E-A3BD-0BE97ADDB2F7}</ProjectGuid>
        <MainSource>SmartChef.dpr</MainSource>
        <Base>True</Base>
        <Config Condition="'$(Config)'==''">Debug</Config>
        <TargetedPlatforms>1</TargetedPlatforms>
        <AppType>Application</AppType>
        <FrameworkType>VCL</FrameworkType>
        <ProjectVersion>18.1</ProjectVersion>
        <Platform Condition="'$(Platform)'==''">Win32</Platform>
    </PropertyGroup>
    <PropertyGroup Condition="'$(Config)'=='Base' or '$(Base)'!=''">
        <Base>true</Base>
    </PropertyGroup>
    <PropertyGroup Condition="('$(Platform)'=='Win32' and '$(Base)'=='true') or '$(Base_Win32)'!=''">
        <Base_Win32>true</Base_Win32>
        <CfgParent>Base</CfgParent>
        <Base>true</Base>
    </PropertyGroup>
    <PropertyGroup Condition="('$(Platform)'=='Win64' and '$(Base)'=='true') or '$(Base_Win64)'!=''">
        <Base_Win64>true</Base_Win64>
        <CfgParent>Base</CfgParent>
        <Base>true</Base>
    </PropertyGroup>
    <PropertyGroup Condition="'$(Config)'=='Release' or '$(Cfg_1)'!=''">
        <Cfg_1>true</Cfg_1>
        <CfgParent>Base</CfgParent>
        <Base>true</Base>
    </PropertyGroup>
    <PropertyGroup Condition="('$(Platform)'=='Win32' and '$(Cfg_1)'=='true') or '$(Cfg_1_Win32)'!=''">
        <Cfg_1_Win32>true</Cfg_1_Win32>
        <CfgParent>Cfg_1</CfgParent>
        <Cfg_1>true</Cfg_1>
        <Base>true</Base>
    </PropertyGroup>
    <PropertyGroup Condition="'$(Config)'=='Debug' or '$(Cfg_2)'!=''">
        <Cfg_2>true</Cfg_2>
        <CfgParent>Base</CfgParent>
        <Base>true</Base>
    </PropertyGroup>
    <PropertyGroup Condition="('$(Platform)'=='Win32' and '$(Cfg_2)'=='true') or '$(Cfg_2_Win32)'!=''">
        <Cfg_2_Win32>true</Cfg_2_Win32>
        <CfgParent>Cfg_2</CfgParent>
        <Cfg_2>true</Cfg_2>
        <Base>true</Base>
    </PropertyGroup>
    <PropertyGroup Condition="'$(Base)'!=''">
        <DCC_E>false</DCC_E>
        <VerInfo_Locale>1046</VerInfo_Locale>
        <DCC_SymbolReferenceInfo>1</DCC_SymbolReferenceInfo>
        <DCC_ImageBase>00400000</DCC_ImageBase>
        <DCC_Namespace>Vcl;Vcl.Imaging;Vcl.Touch;Vcl.Samples;Vcl.Shell;System;Xml;Data;Datasnap;Web;Soap;Winapi;System.Win;Xml.Win;IBX;$(DCC_Namespace)</DCC_Namespace>
        <DCC_S>false</DCC_S>
        <DCC_K>false</DCC_K>
        <DCC_UsePackage>vcl;rtl;vclx;indy;inet;xmlrtl;vclie;inetdbbde;inetdbxpress;dbrtl;dsnap;dsnapcon;vcldb;soaprtl;VclSmp;dbexpress;dbxcds;inetdb;bdertl;vcldbx;webdsnap;websnap;adortl;ibxpress;teeui;teedb;tee;dss;visualclx;visualdbclx;vclactnband;vclshlctrls;IntrawebDB_50_70;Intraweb_50_70;Rave50CLX;Rave50VCL;dclOfficeXP;rxctl7;rxdb7;rxbde7;Jcl;JclVcl;JvCoreD7R;JvSystemD7R;JvStdCtrlsD7R;JvAppFrmD7R;JvBandsD7R;JvDBD7R;JvDlgsD7R;JvBDED7R;JvCmpD7R;JvCryptD7R;JvCtrlsD7R;JvCustomD7R;JvDockingD7R;JvDotNetCtrlsD7R;JvEDID7R;JvGlobusD7R;JvHMID7R;JvInterpreterD7R;JvJansD7R;JvManagedThreadsD7R;JvMMD7R;JvNetD7R;JvPageCompsD7R;JvPluginD7R;JvPrintPreviewD7R;JvRuntimeDesignD7R;JvTimeFrameworkD7R;JvValidatorsD7R;JvWizardD7R;JvXPCtrlsD7R;DELPRINT7;REasyTEFD67;frxADO7;frxBDE7;frxDB7;frx7;frxDBX7;frxe7;frxIBX7;frxTee7;frxcs7;fsADO7;fs7;fsBDE7;fsDB7;fsIBX7;fsTee7;RCLMDO70;IndyCore70;IndySystem70;Transpear_XP;IndyProtocols70;ACBrComum;ACBrDiversos;PKGFuncoes;RLibWinD7vcl;$(DCC_UsePackage)</DCC_UsePackage>
        <DCC_DebugInformation>1</DCC_DebugInformation>
        <SanitizedProjectName>SmartChef</SanitizedProjectName>
        <DCC_N>true</DCC_N>
        <VerInfo_Keys>CompanyName=;FileDescription=;FileVersion=1.0.0.0;InternalName=;LegalCopyright=;LegalTrademarks=;OriginalFilename=;ProductName=;ProductVersion=1.0.0.0;Comments=</VerInfo_Keys>
        <DCC_F>false</DCC_F>
    </PropertyGroup>
    <PropertyGroup Condition="'$(Base_Win32)'!=''">
        <Manifest_File>$(BDS)\bin\default_app.manifest</Manifest_File>
        <AppEnableRuntimeThemes>true</AppEnableRuntimeThemes>
        <DCC_Namespace>Data.Win;Datasnap.Win;Web.Win;Soap.Win;Bde;$(DCC_Namespace)</DCC_Namespace>
        <VerInfo_IncludeVerInfo>true</VerInfo_IncludeVerInfo>
        <Icon_MainIcon>SmartChef_Icon.ico</Icon_MainIcon>
        <VerInfo_Locale>1033</VerInfo_Locale>
    </PropertyGroup>
    <PropertyGroup Condition="'$(Base_Win64)'!=''">
        <Icon_MainIcon>SmartChef_Icon.ico</Icon_MainIcon>
    </PropertyGroup>
    <PropertyGroup Condition="'$(Cfg_1)'!=''">
        <DCC_LocalDebugSymbols>false</DCC_LocalDebugSymbols>
        <DCC_Define>RELEASE;$(DCC_Define)</DCC_Define>
        <DCC_DebugInformation>0</DCC_DebugInformation>
        <DCC_SymbolReferenceInfo>0</DCC_SymbolReferenceInfo>
    </PropertyGroup>
    <PropertyGroup Condition="'$(Cfg_1_Win32)'!=''">
        <AppEnableRuntimeThemes>true</AppEnableRuntimeThemes>
        <AppEnableHighDPI>true</AppEnableHighDPI>
    </PropertyGroup>
    <PropertyGroup Condition="'$(Cfg_2)'!=''">
        <DCC_Define>DEBUG;$(DCC_Define)</DCC_Define>
        <DCC_GenerateStackFrames>true</DCC_GenerateStackFrames>
        <DCC_Optimize>false</DCC_Optimize>
    </PropertyGroup>
    <PropertyGroup Condition="'$(Cfg_2_Win32)'!=''">
        <VerInfo_Locale>1033</VerInfo_Locale>
        <VerInfo_IncludeVerInfo>true</VerInfo_IncludeVerInfo>
        <AppEnableRuntimeThemes>true</AppEnableRuntimeThemes>
        <AppEnableHighDPI>true</AppEnableHighDPI>
    </PropertyGroup>
    <ItemGroup>
        <DelphiCompile Include="$(MainSource)">
            <MainSource>MainSource</MainSource>
        </DelphiCompile>
        <DCCReference Include="src\formularios\uInicial.pas">
            <Form>frmInicial</Form>
        </DCCReference>
        <DCCReference Include="src\formularios\uAguarde.pas">
            <Form>frmAguarde</Form>
        </DCCReference>
        <DCCReference Include="src\formularios\uAvisar.pas">
            <Form>frmAvisar</Form>
        </DCCReference>
        <DCCReference Include="src\formularios\uCadastroPerfilAcesso.pas"/>
        <DCCReference Include="src\formularios\uCadastroUsuario.pas"/>
        <DCCReference Include="src\formularios\uConfiguraBancoDeDados.pas"/>
        <DCCReference Include="src\formularios\uInputBox.pas">
            <Form>frmInputBox</Form>
        </DCCReference>
        <DCCReference Include="src\formularios\uLogin.pas"/>
        <DCCReference Include="src\formularios\uManutencaoSistema.pas"/>
        <DCCReference Include="src\formularios\uPadrao.pas">
            <Form>frmPadrao</Form>
        </DCCReference>
        <DCCReference Include="src\formularios\uPesquisaSimples.pas">
            <Form>frmPesquisaSimples</Form>
        </DCCReference>
        <DCCReference Include="src\formularios\uSupervisor.pas">
            <Form>frmSupervisor</Form>
        </DCCReference>
        <DCCReference Include="src\dominio\objetoValor\especificacao\Especificacao.pas"/>
        <DCCReference Include="src\dominio\utilitario\CriaBalaoInformacao.pas"/>
        <DCCReference Include="src\dominio\utilitario\DateTimeUtilitario.pas"/>
        <DCCReference Include="src\dominio\utilitario\Objeto.pas"/>
        <DCCReference Include="src\dominio\utilitario\StringUtilitario.pas"/>
        <DCCReference Include="src\infraestrutura\backup\Backup.pas"/>
        <DCCReference Include="src\infraestrutura\backup\DiretorioBackup.pas"/>
        <DCCReference Include="src\infraestrutura\excecao\ExcecaoBancoDeBackupInvalido.pas"/>
        <DCCReference Include="src\infraestrutura\excecao\ExcecaoBancoDeDadosInvalido.pas"/>
        <DCCReference Include="src\infraestrutura\excecao\ExcecaoBancoInvalido.pas"/>
        <DCCReference Include="src\infraestrutura\excecao\ExcecaoScriptDeAtualizacaoInvalido.pas"/>
        <DCCReference Include="src\infraestrutura\excecao\ExcecaoSistemaEmManutencao.pas"/>
        <DCCReference Include="src\infraestrutura\persistencia\FabricaRepositorio.pas"/>
        <DCCReference Include="src\infraestrutura\persistencia\ObjetoGenerico.pas"/>
        <DCCReference Include="src\infraestrutura\persistencia\Repositorio.pas"/>
        <DCCReference Include="src\infraestrutura\persistencia\RepositorioAuditoria.pas"/>
        <DCCReference Include="src\infraestrutura\persistencia\RepositorioCampoAlteradoAuditoria.pas"/>
        <DCCReference Include="src\infraestrutura\persistencia\RepositorioCampoAuditoria.pas"/>
        <DCCReference Include="src\infraestrutura\persistencia\RepositorioCampoExcluidoAuditoria.pas"/>
        <DCCReference Include="src\infraestrutura\persistencia\RepositorioCampoIncluidoAuditoria.pas"/>
        <DCCReference Include="src\infraestrutura\persistencia\RepositorioDiretorioBackup.pas"/>
        <DCCReference Include="src\infraestrutura\persistencia\RepositorioManutencaoSistema.pas"/>
        <DCCReference Include="src\infraestrutura\persistencia\RepositorioVersao.pas"/>
        <DCCReference Include="src\infraestrutura\persistencia\RepositorioPerfil.pas"/>
        <DCCReference Include="src\infraestrutura\persistencia\RepositorioUsuario.pas"/>
        <DCCReference Include="src\infraestrutura\servico\BuscadorDeAtualizacoesBD.pas"/>
        <DCCReference Include="src\infraestrutura\servico\ServicoBackup.pas"/>
        <DCCReference Include="src\infraestrutura\servico\ServicoVerificadorSistemaEmManutencao.pas"/>
        <DCCReference Include="src\infraestrutura\persistencia\excecao\ExcecaoRepositorioNaoEncontrado.pas"/>
        <DCCReference Include="src\infraestrutura\servico\atualizacao\ServicoAtualizadorBD.pas"/>
        <DCCReference Include="src\infraestrutura\tipo\TipoBanco.pas"/>
        <DCCReference Include="src\infraestrutura\ArquivoConfiguracao.pas"/>
        <DCCReference Include="src\infraestrutura\Funcoes.pas"/>
        <DCCReference Include="src\infraestrutura\LogErros.pas"/>
        <DCCReference Include="src\infraestrutura\uModulo.pas">
            <Form>dm</Form>
            <DesignClass>TDataModule</DesignClass>
        </DCCReference>
        <DCCReference Include="src\dominio\entidade\auditoria\Auditoria.pas"/>
        <DCCReference Include="src\dominio\entidade\auditoria\CampoAlteracaoAuditoria.pas"/>
        <DCCReference Include="src\dominio\entidade\auditoria\CampoAuditoria.pas"/>
        <DCCReference Include="src\dominio\entidade\auditoria\CampoIncluidoAuditoria.pas"/>
        <DCCReference Include="src\dominio\entidade\ManutencaoSistema.pas"/>
        <DCCReference Include="src\dominio\entidade\Versao.pas"/>
        <DCCReference Include="src\dominio\entidade\Perfil.pas"/>
        <DCCReference Include="src\dominio\entidade\Usuario.pas"/>
        <DCCReference Include="src\dominio\excecao\ExcecaoMetodoNaoImplementado.pas"/>
        <DCCReference Include="src\formularios\Eventos\EventoExecutarOperacao.pas"/>
        <DCCReference Include="src\dominio\objetoValor\especificacao\EspecificacaoDiretorioBackupComUsuarioIgualA.pas"/>
        <DCCReference Include="src\dominio\excecao\ExcecaoParametroInvalido.pas"/>
        <DCCReference Include="src\dominio\excecao\ExcecaoAtributoDuplicado.pas"/>
        <DCCReference Include="src\dominio\entidade\PermissoesAcesso.pas"/>
        <DCCReference Include="src\dominio\objetoValor\especificacao\EspecificacaoUsuarioComLoginIgualA.pas"/>
        <DCCReference Include="src\dominio\objetoValor\Criptografia.pas"/>
        <DCCReference Include="src\formularios\uConfirmacaoUsuario.pas">
            <Form>frmConfirmacaoUsuario</Form>
        </DCCReference>
        <DCCReference Include="src\formularios\Eventos\EventoExecutandoOperacao.pas"/>
        <DCCReference Include="src\formularios\Eventos\EventoAvisar.pas"/>
        <DCCReference Include="src\formularios\Eventos\EventoFechar.pas"/>
        <DCCReference Include="src\formularios\uCadastroPadrao.pas">
            <Form>frmCadastroPadrao</Form>
        </DCCReference>
        <DCCReference Include="src\formularios\uCadastroGrupo.pas">
            <Form>frmCadastroGrupo</Form>
        </DCCReference>
        <DCCReference Include="src\dominio\entidade\Grupo.pas"/>
        <DCCReference Include="src\infraestrutura\persistencia\RepositorioGrupo.pas"/>
        <DCCReference Include="src\dominio\entidade\MateriaPrima.pas"/>
        <DCCReference Include="src\infraestrutura\persistencia\RepositorioMateriaPrima.pas"/>
        <DCCReference Include="src\formularios\uCadastroMateriaPrima.pas">
            <Form>frmCadastroMateriaPrima</Form>
        </DCCReference>
        <DCCReference Include="src\dominio\entidade\Produto.pas"/>
        <DCCReference Include="src\infraestrutura\persistencia\RepositorioProduto.pas"/>
        <DCCReference Include="src\formularios\uCadastroProduto.pas">
            <Form>frmCadastroProduto</Form>
        </DCCReference>
        <DCCReference Include="src\dominio\entidade\ProdutoHasMateria.pas"/>
        <DCCReference Include="src\infraestrutura\persistencia\RepositorioProdutoHasMateria.pas"/>
        <DCCReference Include="src\dominio\objetoValor\especificacao\EspecificacaoMateriasDoProduto.pas"/>
        <DCCReference Include="src\formularios\uPedido.pas">
            <Form>frmPedido</Form>
        </DCCReference>
        <DCCReference Include="src\dominio\entidade\Comanda.pas"/>
        <DCCReference Include="src\infraestrutura\persistencia\RepositorioComanda.pas"/>
        <DCCReference Include="src\dominio\entidade\Pedido.pas"/>
        <DCCReference Include="src\infraestrutura\persistencia\RepositorioPedido.pas"/>
        <DCCReference Include="src\dominio\entidade\Item.pas"/>
        <DCCReference Include="src\infraestrutura\persistencia\RepositorioItem.pas"/>
        <DCCReference Include="src\dominio\objetoValor\especificacao\EspecificacaoItensDoPedido.pas"/>
        <DCCReference Include="src\dominio\objetoValor\especificacao\EspecificacaoPedidoAbertoDaComanda.pas"/>
        <DCCReference Include="src\formularios\uCadastroEmpresa.pas">
            <Form>frmCadastroEmpresa</Form>
        </DCCReference>
        <DCCReference Include="src\dominio\entidade\Empresa.pas"/>
        <DCCReference Include="src\infraestrutura\persistencia\RepositorioEmpresa.pas"/>
        <DCCReference Include="src\formularios\uAdicionaItemProduto.pas">
            <Form>frmAdicionaItemProduto</Form>
        </DCCReference>
        <DCCReference Include="src\dominio\objetoValor\especificacao\EspecificacaoProdutosQueContemMateria.pas"/>
        <DCCReference Include="src\dominio\entidade\AdicionalItem.pas"/>
        <DCCReference Include="src\infraestrutura\persistencia\RepositorioAdicionalItem.pas"/>
        <DCCReference Include="src\dominio\objetoValor\especificacao\EspecificacaoAdicionalDoItem.pas"/>
        <DCCReference Include="src\formularios\uFinalizaPedido.pas">
            <Form>frmFinalizaPedido</Form>
        </DCCReference>
        <DCCReference Include="src\dominio\entidade\Caixa.pas"/>
        <DCCReference Include="src\dominio\entidade\Movimento.pas"/>
        <DCCReference Include="src\infraestrutura\persistencia\RepositorioCaixa.pas"/>
        <DCCReference Include="src\infraestrutura\persistencia\RepositorioMovimento.pas"/>
        <DCCReference Include="src\formularios\uCaixa.pas">
            <Form>frmCaixa</Form>
        </DCCReference>
        <DCCReference Include="src\dominio\objetoValor\especificacao\EspecificacaoMovimentosPorCodigoCaixa.pas"/>
        <DCCReference Include="src\formularios\uScript.pas">
            <Form>frmScript</Form>
        </DCCReference>
        <DCCReference Include="src\formularios\uCadastroDepartamento.pas">
            <Form>frmCadastroDepartamento</Form>
        </DCCReference>
        <DCCReference Include="src\dominio\entidade\Departamento.pas"/>
        <DCCReference Include="src\infraestrutura\persistencia\RepositorioDepartamento.pas"/>
        <DCCReference Include="src\formularios\uAvisoPedidoPendente.pas">
            <Form>frmAvisoPedidoPendente</Form>
        </DCCReference>
        <DCCReference Include="src\dominio\objetoValor\especificacao\EspecificacaoPedidosComItemNaoImpresso.pas"/>
        <DCCReference Include="src\dominio\entidade\NcmIBPT.pas"/>
        <DCCReference Include="src\infraestrutura\persistencia\RepositorioNcmIBPT.pas"/>
        <DCCReference Include="src\dominio\entidade\ConfiguracaoECF.pas"/>
        <DCCReference Include="src\infraestrutura\persistencia\RepositorioConfiguracaoECF.pas"/>
        <DCCReference Include="src\formularios\uConfiguraECF.pas">
            <Form>frmConfiguraECF</Form>
        </DCCReference>
        <DCCReference Include="src\dominio\objetoValor\especificacao\EspecificacaoCaixaPorData.pas"/>
        <DCCReference Include="src\formularios\relatorios\Fortes\uRelatorioVendas.pas">
            <Form>frmRelatorioVendas</Form>
        </DCCReference>
        <DCCReference Include="src\formularios\uSuporteTecnico.pas">
            <Form>frmSuporteTecnico</Form>
        </DCCReference>
        <DCCReference Include="src\formularios\uCadastroComanda.pas">
            <Form>frmCadastroComanda</Form>
        </DCCReference>
        <DCCReference Include="src\dominio\entidade\Dispensa.pas"/>
        <DCCReference Include="src\infraestrutura\persistencia\RepositorioDispensa.pas"/>
        <DCCReference Include="src\dominio\entidade\Estoque.pas"/>
        <DCCReference Include="src\infraestrutura\persistencia\RepositorioEstoque.pas"/>
        <DCCReference Include="src\dominio\objetoValor\especificacao\EspecificacaoEstoquePorProduto.pas"/>
        <DCCReference Include="src\formularios\uCadastroDispensa.pas">
            <Form>frmCadastroDispensa</Form>
        </DCCReference>
        <DCCReference Include="src\dominio\objetoValor\especificacao\EspecificacaoEstoquePorItemDispensa.pas"/>
        <DCCReference Include="src\formularios\uEntradaSaidaMercadoria.pas">
            <Form>frmEntradaSaidaMercadoria</Form>
        </DCCReference>
        <DCCReference Include="src\formularios\relatorios\Fortes\uRelatorioAtendimentos.pas">
            <Form>frmRelatorioAtendimentos</Form>
        </DCCReference>
        <DCCReference Include="src\formularios\relatorios\Fortes\uRelatorioPedidos.pas">
            <Form>frmRelatorioPedidos</Form>
        </DCCReference>
        <DCCReference Include="src\dominio\entidade\EntradaSaida.pas"/>
        <DCCReference Include="src\infraestrutura\persistencia\RepositorioEntradaSaida.pas"/>
        <DCCReference Include="src\formularios\relatorios\Fortes\uRelatorioEstoque.pas">
            <Form>frmRelatorioEstoque</Form>
        </DCCReference>
        <DCCReference Include="src\formularios\relatorios\Fortes\uRelatorioEntradaSaida.pas">
            <Form>frmRelatorioEntradaSaida</Form>
        </DCCReference>
        <DCCReference Include="src\dominio\objetoValor\especificacao\EspecificacaoMovimentosCaixa.pas"/>
        <DCCReference Include="src\formularios\relatorios\Fortes\uRelatorioCaixa48Colunas.pas">
            <Form>frmRelatorioCaixa48Colunas</Form>
        </DCCReference>
        <DCCReference Include="src\dominio\entidade\ItemDeletado.pas"/>
        <DCCReference Include="src\infraestrutura\persistencia\RepositorioItemDeletado.pas"/>
        <DCCReference Include="src\formularios\relatorios\Fortes\uRelatorioItensDeletados.pas">
            <Form>frmRelatorioItensDeletados</Form>
        </DCCReference>
        <DCCReference Include="src\dominio\excecao\ExcecaoCampoNaoInformado.pas"/>
        <DCCReference Include="src\dominio\excecao\ExcecaoValorInvalido.pas"/>
        <DCCReference Include="src\dominio\objetoValor\CertificadoNFCE.pas"/>
        <DCCReference Include="src\dominio\objetoValor\CidadeNFCe.pas"/>
        <DCCReference Include="src\dominio\objetoValor\CSTTributadoIntegralmente.pas"/>
        <DCCReference Include="src\dominio\objetoValor\EnderecoNFCe.pas"/>
        <DCCReference Include="src\dominio\objetoValor\FormaPagamento.pas"/>
        <DCCReference Include="src\dominio\objetoValor\FormasPagamento.pas"/>
        <DCCReference Include="src\dominio\objetoValor\ItemVenda.pas"/>
        <DCCReference Include="src\dominio\objetoValor\ParametrosNFCe.pas"/>
        <DCCReference Include="src\dominio\objetoValor\Token.pas"/>
        <DCCReference Include="src\dominio\objetoValor\Venda.pas"/>
        <DCCReference Include="src\dominio\servico\ServicoEmissorNFCe.pas"/>
        <DCCReference Include="src\dominio\tipo\TipoAmbiente.pas"/>
        <DCCReference Include="src\dominio\tipo\TipoFormaEmissao.pas"/>
        <DCCReference Include="src\dominio\tipo\TipoVersaoDF.pas"/>
        <DCCReference Include="src\dominio\objetoValor\Parametros.pas"/>
        <DCCReference Include="src\infraestrutura\persistencia\RepositorioParametrosNFCe.pas"/>
        <DCCReference Include="src\dominio\objetoValor\CSOSNTributadoSNSemCredito.pas"/>
        <DCCReference Include="src\dominio\entidade\NFCE.pas"/>
        <DCCReference Include="src\infraestrutura\persistencia\RepositorioNFCE.pas"/>
        <DCCReference Include="src\formularios\uConfiguraNFCe.pas">
            <Form>frmConfiguraNFCe</Form>
        </DCCReference>
        <DCCReference Include="src\dominio\objetoValor\especificacao\EspecificacaoMovimentosPorCodigoPedido.pas"/>
        <DCCReference Include="src\formularios\uNFCes.pas">
            <Form>frmNFCes</Form>
        </DCCReference>
        <DCCReference Include="src\dominio\objetoValor\especificacao\EspecificacaoFiltraNFCe.pas"/>
        <DCCReference Include="src\formularios\uConfiguracoesSistema.pas">
            <Form>frmconfiguracoesSistema</Form>
        </DCCReference>
        <DCCReference Include="src\dominio\entidade\ConfiguracoesSistema.pas"/>
        <DCCReference Include="src\infraestrutura\persistencia\RepositorioConfiguracoesSistema.pas"/>
        <DCCReference Include="src\dominio\objetoValor\ParametrosEmpresa.pas"/>
        <DCCReference Include="src\formularios\uCadastroCliente.pas">
            <Form>frmCadastroCliente</Form>
        </DCCReference>
        <DCCReference Include="src\dominio\entidade\Cliente.pas"/>
        <DCCReference Include="src\infraestrutura\persistencia\RepositorioCliente.pas"/>
        <DCCReference Include="src\dominio\objetoValor\especificacao\EspecificacaoClientePorCpfCnpj.pas"/>
        <DCCReference Include="src\formularios\relatorios\Fortes\uRelatorioProdutos.pas">
            <Form>frmRelatorioProdutos</Form>
        </DCCReference>
        <DCCReference Include="src\infraestrutura\persistencia\RepositorioEndereco.pas"/>
        <DCCReference Include="src\dominio\entidade\Endereco.pas"/>
        <DCCReference Include="src\dominio\objetoValor\especificacao\EspecificacaoEnderecosDoCliente.pas"/>
        <DCCReference Include="src\formularios\relatorios\Fortes\uRelatorioCuponsFiscais.pas">
            <Form>frmRelatorioCuponsFiscais</Form>
        </DCCReference>
        <DCCReference Include="src\dominio\objetoValor\especificacao\EspecificacaoNFCe.pas"/>
        <DCCReference Include="src\dominio\entidade\ProdutoDependenciaEst.pas"/>
        <DCCReference Include="src\infraestrutura\persistencia\RepositorioProdutoDependenciaEst.pas"/>
        <DCCReference Include="src\dominio\objetoValor\especificacao\EspecificacaoDependenciaEstoqueProduto.pas"/>
        <DCCReference Include="src\dominio\objetoValor\especificacao\EspecificacaoEnderecoPorTelefone.pas"/>
        <DCCReference Include="src\formularios\uReimpressaoPedido.pas">
            <Form>frmReimpressaoPedido</Form>
        </DCCReference>
        <DCCReference Include="src\formularios\uNFCesContingencia.pas">
            <Form>frmNFCesContingencia</Form>
        </DCCReference>
        <DCCReference Include="src\formularios\uImpressaoPedido.pas">
            <Form>frmImpressaoPedido</Form>
        </DCCReference>
        <DCCReference Include="src\formularios\uCadastroFornecedor.pas">
            <Form>frmCadastroPadrao1</Form>
        </DCCReference>
        <DCCReference Include="src\dominio\entidade\Fornecedor.pas"/>
        <DCCReference Include="src\infraestrutura\persistencia\RepositorioFornecedor.pas"/>
        <DCCReference Include="src\dominio\utilitario\importadorNotaXML.pas"/>
        <DCCReference Include="src\formularios\uEntradaNota.pas">
            <Form>frmEntradaNota</Form>
        </DCCReference>
        <DCCReference Include="src\dominio\entidade\NotaFiscal.pas"/>
        <DCCReference Include="src\dominio\entidade\NFe.pas"/>
        <DCCReference Include="src\dominio\entidade\AliqInternaIcms.pas"/>
        <DCCReference Include="src\dominio\entidade\NaturezaOperacao.pas"/>
        <DCCReference Include="src\dominio\entidade\CFOPCorrespondente.pas"/>
        <DCCReference Include="src\dominio\entidade\Duplicata.pas"/>
        <DCCReference Include="src\dominio\entidade\Fatura.pas"/>
        <DCCReference Include="src\dominio\entidade\LoteNFe.pas"/>
        <DCCReference Include="src\dominio\entidade\RetornoLoteNFe.pas"/>
        <DCCReference Include="src\dominio\tipo\TipoSerie.pas"/>
        <DCCReference Include="src\dominio\tipo\TipoStatusNotaFiscal.pas"/>
        <DCCReference Include="src\dominio\objetoValor\TotaisNotaFiscal.pas"/>
        <DCCReference Include="src\dominio\objetoValor\ItemNotaFiscal.pas"/>
        <DCCReference Include="src\dominio\objetoValor\Icms00.pas"/>
        <DCCReference Include="src\dominio\objetoValor\ParametrosDANFE.pas"/>
        <DCCReference Include="src\dominio\objetoValor\IpiTrib.pas"/>
        <DCCReference Include="src\dominio\objetoValor\CofinsAliq.pas"/>
        <DCCReference Include="src\dominio\objetoValor\PisAliq.pas"/>
        <DCCReference Include="src\dominio\objetoValor\ObservacaoNotaFiscal.pas"/>
        <DCCReference Include="src\dominio\objetoValor\IcmsSn101.pas"/>
        <DCCReference Include="src\dominio\objetoValor\TributacaoItemNotaFiscal.pas"/>
        <DCCReference Include="src\dominio\objetoValor\ItemAvulso.pas"/>
        <DCCReference Include="src\dominio\objetoValor\LocalEntregaNotaFiscal.pas"/>
        <DCCReference Include="src\dominio\objetoValor\VolumesNotaFiscal.pas"/>
        <DCCReference Include="src\dominio\objetoValor\CofinsNt.pas"/>
        <DCCReference Include="src\dominio\objetoValor\Icms20.pas"/>
        <DCCReference Include="src\dominio\objetoValor\IpiNt.pas"/>
        <DCCReference Include="src\dominio\objetoValor\PisNt.pas"/>
        <DCCReference Include="src\dominio\metodoDelegado\MetodoDelegadoAposAtualizarNotaFiscal.pas"/>
        <DCCReference Include="src\dominio\metodoDelegado\MetodoDelegadoObtemCampoBoolean.pas"/>
        <DCCReference Include="src\dominio\metodoDelegado\MetodoDelegadoObtemCampoInteger.pas"/>
        <DCCReference Include="src\dominio\metodoDelegado\MetodoDelegadoObtemCampoReal.pas"/>
        <DCCReference Include="src\dominio\metodoDelegado\MetodoDelegadoObtemCampoString.pas"/>
        <DCCReference Include="src\dominio\metodoDelegado\MetodoDelegadoSomarCampoEspecificoInteger.pas"/>
        <DCCReference Include="src\dominio\metodoDelegado\MetodoDelegadoSomarCampoEspecificoReal.pas"/>
        <DCCReference Include="src\dominio\metodoDelegado\MetodoDelegadoVerificaPedidoFaturado.pas"/>
        <DCCReference Include="src\dominio\entidade\ProdutoFornecedor.pas"/>
        <DCCReference Include="src\dominio\tipo\TipoOrigemMercadoria.pas"/>
        <DCCReference Include="src\formularios\uCadastroCfopCorrespondente.pas">
            <Form>frmCadastroCfopCorrespondente</Form>
        </DCCReference>
        <DCCReference Include="src\formularios\uCadastroNaturezaOperacao.pas">
            <Form>frmCadastroNaturezaOperacao</Form>
        </DCCReference>
        <DCCReference Include="src\dominio\tipo\TipoFrete.pas"/>
        <DCCReference Include="src\dominio\entidade\Pessoa.pas"/>
        <DCCReference Include="src\dominio\objetoValor\especificacao\EspecificacaoEnderecoComPessoaIgualA.pas"/>
        <DCCReference Include="src\dominio\entidade\RetornoNFe.pas"/>
        <DCCReference Include="src\dominio\entidade\IcmsEstado.pas"/>
        <DCCReference Include="src\dominio\objetoValor\especificacao\EspecificacaoAliqInternaPorCodigoEstado.pas"/>
        <DCCReference Include="src\dominio\objetoValor\especificacao\EspecificacaoItensDaNotaFiscal.pas"/>
        <DCCReference Include="src\dominio\objetoValor\especificacao\EspecificacaoLoteNFePorCodigoNotaFiscal.pas"/>
        <DCCReference Include="src\dominio\excecao\ExcecaoNotaFiscalInvalida.pas"/>
        <DCCReference Include="src\dominio\entidade\ConfiguracoesNFEmail.pas"/>
        <DCCReference Include="src\dominio\tipo\TipoNaturezaOperacao.pas"/>
        <DCCReference Include="src\dominio\tipo\TipoRegimeTributario.pas"/>
        <DCCReference Include="src\dominio\entidade\ConfiguracoesNF.pas"/>
        <DCCReference Include="src\dominio\entidade\Cidade.pas"/>
        <DCCReference Include="src\dominio\entidade\Estado.pas"/>
        <DCCReference Include="src\dominio\objetoValor\especificacao\EspecificacaoIcmsEstadoPorCodigoEstado.pas"/>
        <DCCReference Include="src\dominio\objetoValor\especificacao\EspecificacaoCidadePorCodigoIBGE.pas"/>
        <DCCReference Include="src\dominio\servico\ValidadorNaturezaOperacao.pas"/>
        <DCCReference Include="src\dominio\objetoValor\especificacao\EspecificacaoNaturezaComCFOPIgualA.pas"/>
        <DCCReference Include="src\dominio\excecao\ExcecaoCFOPDuplicada.pas"/>
        <DCCReference Include="src\dominio\excecao\ExcecaoCFOPInvalida.pas"/>
        <DCCReference Include="src\infraestrutura\persistencia\RepositorioIcmsEstado.pas"/>
        <DCCReference Include="src\infraestrutura\persistencia\RepositorioItemNotaFiscal.pas"/>
        <DCCReference Include="src\infraestrutura\persistencia\RepositorioTotaisNotaFiscal.pas"/>
        <DCCReference Include="src\infraestrutura\persistencia\RepositorioNotaFiscal.pas"/>
        <DCCReference Include="src\infraestrutura\persistencia\RepositorioConfiguracoesNF.pas"/>
        <DCCReference Include="src\infraestrutura\persistencia\RepositorioLoteNFe.pas"/>
        <DCCReference Include="src\infraestrutura\persistencia\RepositorioItemAvulso.pas"/>
        <DCCReference Include="src\infraestrutura\persistencia\RepositorioLocalEntregaNotaFiscal.pas"/>
        <DCCReference Include="src\infraestrutura\persistencia\RepositorioIcms00.pas"/>
        <DCCReference Include="src\infraestrutura\persistencia\RepositorioRetornoNFe.pas"/>
        <DCCReference Include="src\infraestrutura\persistencia\RepositorioRetornoLoteNFe.pas"/>
        <DCCReference Include="src\infraestrutura\persistencia\RepositorioPisAliq.pas"/>
        <DCCReference Include="src\infraestrutura\persistencia\RepositorioIpiNt.pas"/>
        <DCCReference Include="src\infraestrutura\persistencia\RepositorioVolumesNotaFiscal.pas"/>
        <DCCReference Include="src\infraestrutura\persistencia\RepositorioPisNt.pas"/>
        <DCCReference Include="src\infraestrutura\persistencia\RepositorioObservacoesNotaFiscal.pas"/>
        <DCCReference Include="src\infraestrutura\persistencia\RepositorioIpiTrib.pas"/>
        <DCCReference Include="src\infraestrutura\persistencia\RepositorioIcmsSn101.pas"/>
        <DCCReference Include="src\infraestrutura\persistencia\RepositorioCofinsAliq.pas"/>
        <DCCReference Include="src\infraestrutura\persistencia\RepositorioCofinsNt.pas"/>
        <DCCReference Include="src\infraestrutura\persistencia\RepositorioConfiguracoesNFEmail.pas"/>
        <DCCReference Include="src\infraestrutura\persistencia\RepositorioNFe.pas"/>
        <DCCReference Include="src\infraestrutura\persistencia\RepositorioNaturezaOperacao.pas"/>
        <DCCReference Include="src\infraestrutura\persistencia\RepositorioProdutoFornecedor.pas"/>
        <DCCReference Include="src\infraestrutura\persistencia\RepositorioCFOPCorrespondente.pas"/>
        <DCCReference Include="src\infraestrutura\persistencia\RepositorioPessoa.pas"/>
        <DCCReference Include="src\dominio\entidade\SangriaReforco.pas"/>
        <DCCReference Include="src\infraestrutura\persistencia\RepositorioSangriaReforco.pas"/>
        <DCCReference Include="src\dominio\objetoValor\especificacao\EspecificacaoSangriaReforcoPorCodigoCaixa.pas"/>
        <DCCReference Include="src\formularios\uLancaSangriaReforco.pas">
            <Form>frmLancaSangriaReforco</Form>
        </DCCReference>
        <DCCReference Include="src\infraestrutura\persistencia\RepositorioCidade.pas"/>
        <DCCReference Include="src\infraestrutura\persistencia\RepositorioEstado.pas"/>
        <DCCReference Include="src\infraestrutura\persistencia\RepositorioFormaPagamento.pas"/>
        <DCCReference Include="src\formularios\Frames\frameBotaoImg.pas">
            <Form>BotaoImg</Form>
            <FormType>dfm</FormType>
            <DesignClass>TFrame</DesignClass>
        </DCCReference>
        <DCCReference Include="src\formularios\Frames\frameBuscaCidade.pas">
            <Form>BuscaCidade</Form>
            <FormType>dfm</FormType>
            <DesignClass>TFrame</DesignClass>
        </DCCReference>
        <DCCReference Include="src\formularios\Frames\frameBuscaCliente.pas">
            <Form>BuscaCliente</Form>
            <FormType>dfm</FormType>
            <DesignClass>TFrame</DesignClass>
        </DCCReference>
        <DCCReference Include="src\formularios\Frames\frameBuscaComanda.pas">
            <Form>BuscaComanda</Form>
            <FormType>dfm</FormType>
            <DesignClass>TFrame</DesignClass>
        </DCCReference>
        <DCCReference Include="src\formularios\Frames\frameBuscaDispensa.pas">
            <Form>BuscaDispensa</Form>
            <FormType>dfm</FormType>
            <DesignClass>TFrame</DesignClass>
        </DCCReference>
        <DCCReference Include="src\formularios\Frames\frameBuscaMateriaPrima.pas">
            <Form>BuscaMateriaPrima</Form>
            <FormType>dfm</FormType>
            <DesignClass>TFrame</DesignClass>
        </DCCReference>
        <DCCReference Include="src\formularios\Frames\frameBuscaNCM.pas">
            <Form>BuscaNCM</Form>
            <FormType>dfm</FormType>
            <DesignClass>TFrame</DesignClass>
        </DCCReference>
        <DCCReference Include="src\formularios\Frames\frameBuscaProduto.pas">
            <Form>BuscaProduto</Form>
            <FormType>dfm</FormType>
            <DesignClass>TFrame</DesignClass>
        </DCCReference>
        <DCCReference Include="src\formularios\Frames\frameBuscaUsuario.pas">
            <Form>BuscaUsuario</Form>
            <FormType>dfm</FormType>
            <DesignClass>TFrame</DesignClass>
        </DCCReference>
        <DCCReference Include="src\formularios\Frames\frameFone.pas">
            <Form>Fone</Form>
            <FormType>dfm</FormType>
            <DesignClass>TFrame</DesignClass>
        </DCCReference>
        <DCCReference Include="src\formularios\Frames\frameHorario.pas">
            <Form>Horario</Form>
            <FormType>dfm</FormType>
            <DesignClass>TFrame</DesignClass>
        </DCCReference>
        <DCCReference Include="src\formularios\Frames\frameListaCampo.pas">
            <Form>ListaCampo</Form>
            <FormType>dfm</FormType>
            <DesignClass>TFrame</DesignClass>
        </DCCReference>
        <DCCReference Include="src\formularios\Frames\frameMaskCpfCnpj.pas">
            <Form>MaskCpfCnpj</Form>
            <FormType>dfm</FormType>
            <DesignClass>TFrame</DesignClass>
        </DCCReference>
        <DCCReference Include="src\formularios\Frames\frameRealEdit.pas">
            <Form>RealEdit</Form>
            <FormType>dfm</FormType>
            <DesignClass>TFrame</DesignClass>
        </DCCReference>
        <DCCReference Include="src\formularios\Frames\frameBuscaFornecedor.pas">
            <Form>buscaFornecedor</Form>
            <FormType>dfm</FormType>
            <DesignClass>TFrame</DesignClass>
        </DCCReference>
        <DCCReference Include="src\formularios\Frames\frameBuscaGrupo.pas">
            <Form>buscaGrupo</Form>
            <FormType>dfm</FormType>
            <DesignClass>TFrame</DesignClass>
        </DCCReference>
        <DCCReference Include="src\formularios\uConfirmaEntrada.pas">
            <Form>frmConfirmaEntrada</Form>
            <FormType>dfm</FormType>
        </DCCReference>
        <DCCReference Include="src\formularios\relatorios\Fortes\uRelatorioNotasFiscaisEntrada.pas">
            <Form>frmRelatorioNotasFiscaisEntrada</Form>
            <FormType>dfm</FormType>
        </DCCReference>
        <DCCReference Include="src\dominio\tipo\TipoMoeda.pas"/>
        <DCCReference Include="src\formularios\Frames\frameBuscaNotaFiscal.pas">
            <Form>BuscaNotaFiscal</Form>
            <FormType>dfm</FormType>
            <DesignClass>TFrame</DesignClass>
        </DCCReference>
        <DCCReference Include="src\formularios\uMonitorControleNFe.pas">
            <Form>frmMonitorControleNFe</Form>
            <FormType>dfm</FormType>
        </DCCReference>
        <DCCReference Include="src\formularios\Frames\frameBuscaEmpresa.pas"/>
        <DCCReference Include="src\formularios\Frames\frameBuscaNaturezaOperacao.pas">
            <Form>BuscaNaturezaOperacao</Form>
            <FormType>dfm</FormType>
            <DesignClass>TFrame</DesignClass>
        </DCCReference>
        <DCCReference Include="src\formularios\Frames\frameBuscaPessoa.pas">
            <Form>BuscaPessoa</Form>
            <FormType>dfm</FormType>
            <DesignClass>TFrame</DesignClass>
        </DCCReference>
        <DCCReference Include="src\formularios\Frames\frameBuscaCFOP.pas">
            <Form>BuscaCFOP</Form>
            <FormType>dfm</FormType>
            <DesignClass>TFrame</DesignClass>
        </DCCReference>
        <DCCReference Include="src\formularios\uNotaFiscal.pas">
            <Form>frmNotaFiscal</Form>
            <FormType>dfm</FormType>
        </DCCReference>
        <DCCReference Include="src\formularios\Frames\frameBuscaFormaPagamento.pas">
            <Form>BuscaFormaPagamento</Form>
            <FormType>dfm</FormType>
            <DesignClass>TFrame</DesignClass>
        </DCCReference>
        <DCCReference Include="src\formularios\Frames\frameBuscaTransportadora.pas">
            <Form>BuscaTransportadora</Form>
            <FormType>dfm</FormType>
            <DesignClass>TFrame</DesignClass>
        </DCCReference>
        <DCCReference Include="src\dominio\objetoValor\especificacao\EspecificacaoNFePorNrNota.pas"/>
        <DCCReference Include="src\dominio\objetoValor\especificacao\EspecificacaoNotaFiscalPorPeriodoEStatus.pas"/>
        <DCCReference Include="src\dominio\entidade\NotaInutilizada.pas"/>
        <DCCReference Include="src\infraestrutura\servico\GeradorNFe.pas"/>
        <DCCReference Include="src\formularios\uInutilizaNumeracao.pas">
            <Form>frmInutilizaNumeracao</Form>
            <FormType>dfm</FormType>
        </DCCReference>
        <DCCReference Include="src\dominio\tipo\TipoAmbienteNFe.pas"/>
        <DCCReference Include="src\formularios\uCadastroFormaPagamento.pas">
            <Form>frmCadastroFormaPagamento</Form>
            <FormType>dfm</FormType>
        </DCCReference>
        <DCCReference Include="src\formularios\uCadastroTransportadora.pas">
            <Form>frmCadastroTransportadora</Form>
            <FormType>dfm</FormType>
        </DCCReference>
        <DCCReference Include="src\dominio\entidade\Transportadora.pas"/>
        <DCCReference Include="src\dominio\entidade\CFOP.pas"/>
        <DCCReference Include="src\formularios\uCadastroCFOP.pas">
            <Form>frmCadastroCFOP</Form>
            <FormType>dfm</FormType>
        </DCCReference>
        <DCCReference Include="src\dominio\objetoValor\especificacao\EspecificacaoCFOPporCodigoCFOP.pas"/>
        <DCCReference Include="src\dominio\objetoValor\especificacao\EspecificacaoCFOPporTipo.pas"/>
        <DCCReference Include="src\dominio\objetoValor\especificacao\EspecificacaoEmpresaPorCodigoPessoa.pas"/>
        <DCCReference Include="src\formularios\uDadosPessoa.pas">
            <Form>frmDadosPessoa</Form>
            <FormType>dfm</FormType>
        </DCCReference>
        <DCCReference Include="src\formularios\uItensAvulsos.pas">
            <Form>frmItensAvulsos</Form>
            <FormType>dfm</FormType>
        </DCCReference>
        <DCCReference Include="src\infraestrutura\persistencia\RepositorioTransportadora.pas"/>
        <DCCReference Include="src\infraestrutura\persistencia\RepositorioCFOP.pas"/>
        <DCCReference Include="src\dominio\utilitario\UtilitarioEstoque.pas"/>
        <DCCReference Include="src\formularios\uPedidos.pas">
            <Form>frmPedidos</Form>
            <FormType>dfm</FormType>
        </DCCReference>
        <DCCReference Include="src\formularios\uEstornoEntrada.pas">
            <Form>frmEstornoEntrada</Form>
            <FormType>dfm</FormType>
        </DCCReference>
        <DCCReference Include="src\formularios\uCadastroNcmIBPT.pas">
            <Form>frmCadastroNcmIBPT</Form>
            <FormType>dfm</FormType>
        </DCCReference>
        <DCCReference Include="src\formularios\relatorios\Fortes\uRelatorioMovimentacaoGeral.pas">
            <Form>frmRelatorioMovimentacaoGeral</Form>
            <FormType>dfm</FormType>
        </DCCReference>
        <DCCReference Include="src\dominio\objetoValor\especificacao\EspecificacaoProdutoFornecedorPorCodigos.pas"/>
        <DCCReference Include="src\dominio\entidade\MateriaDoProduto.pas"/>
        <DCCReference Include="src\infraestrutura\persistencia\RepositorioMateriaDoProduto.pas"/>
        <DCCReference Include="src\dominio\objetoValor\especificacao\EspecificacaoMateriaDoProdutoItem.pas"/>
        <DCCReference Include="src\dominio\tipo\TipoDado.pas"/>
        <DCCReference Include="src\formularios\uInformaValidade.pas">
            <Form>frmInformaValidade</Form>
            <FormType>dfm</FormType>
        </DCCReference>
        <DCCReference Include="src\dominio\entidade\LoteValidade.pas"/>
        <DCCReference Include="src\dominio\entidade\ProdutoValidade.pas"/>
        <DCCReference Include="src\infraestrutura\persistencia\RepositorioLoteValidade.pas"/>
        <DCCReference Include="src\infraestrutura\persistencia\RepositorioProdutoValidade.pas"/>
        <DCCReference Include="src\dominio\objetoValor\especificacao\EspecificacaoItensDoLoteValidade.pas"/>
        <DCCReference Include="src\formularios\uLancaValidadeProdutos.pas">
            <Form>frmLancaValidadeProdutos</Form>
            <FormType>dfm</FormType>
        </DCCReference>
        <DCCReference Include="src\dominio\entidade\QuantidadePorValidade.pas"/>
        <DCCReference Include="src\infraestrutura\persistencia\RepositorioQuantidadePorValidade.pas"/>
        <DCCReference Include="src\dominio\objetoValor\especificacao\EspecificacaoQuantidadesDoItem.pas"/>
        <DCCReference Include="src\formularios\uSelecionaValidadeItemPedido.pas">
            <Form>frmSelecionaValidadeItemPedido</Form>
            <FormType>dfm</FormType>
        </DCCReference>
        <DCCReference Include="src\formularios\relatorios\Fortes\uRelatorioValidades.pas">
            <Form>frmRelatorioValidades</Form>
            <FormType>dfm</FormType>
        </DCCReference>
        <BuildConfiguration Include="Debug">
            <Key>Cfg_2</Key>
            <CfgParent>Base</CfgParent>
        </BuildConfiguration>
        <BuildConfiguration Include="Base">
            <Key>Base</Key>
        </BuildConfiguration>
        <BuildConfiguration Include="Release">
            <Key>Cfg_1</Key>
            <CfgParent>Base</CfgParent>
        </BuildConfiguration>
    </ItemGroup>
    <ProjectExtensions>
        <Borland.Personality>Delphi.Personality.12</Borland.Personality>
        <Borland.ProjectType/>
        <BorlandProject>
            <Delphi.Personality>
                <Source>
                    <Source Name="MainSource">SmartChef.dpr</Source>
                </Source>
                <Excluded_Packages>
                    <Excluded_Packages Name="$(BDSBIN)\bcboffice2k230.bpl">Embarcadero C++Builder Office 2000 Servers Package</Excluded_Packages>
                    <Excluded_Packages Name="$(BDSBIN)\bcbofficexp230.bpl">Embarcadero C++Builder Office XP Servers Package</Excluded_Packages>
                    <Excluded_Packages Name="$(BDSBIN)\dcloffice2k230.bpl">Microsoft Office 2000 Sample Automation Server Wrapper Components</Excluded_Packages>
                    <Excluded_Packages Name="$(BDSBIN)\dclofficexp230.bpl">Microsoft Office XP Sample Automation Server Wrapper Components</Excluded_Packages>
                </Excluded_Packages>
            </Delphi.Personality>
            <Platforms>
                <Platform value="Win32">True</Platform>
                <Platform value="Win64">False</Platform>
            </Platforms>
            <Deployment Version="2">
                <DeployFile LocalName="SmartChef.exe" Configuration="Debug" Class="ProjectOutput">
                    <Platform Name="Win32">
                        <RemoteName>SmartChef.exe</RemoteName>
                        <Overwrite>true</Overwrite>
                    </Platform>
                </DeployFile>
                <DeployClass Name="DependencyModule">
                    <Platform Name="Win32">
                        <Operation>0</Operation>
                        <Extensions>.dll;.bpl</Extensions>
                    </Platform>
                    <Platform Name="iOSDevice64">
                        <Operation>1</Operation>
                        <Extensions>.dylib</Extensions>
                    </Platform>
                    <Platform Name="OSX32">
                        <RemoteDir>Contents\MacOS</RemoteDir>
                        <Operation>1</Operation>
                        <Extensions>.dylib</Extensions>
                    </Platform>
                    <Platform Name="iOSDevice32">
                        <Operation>1</Operation>
                        <Extensions>.dylib</Extensions>
                    </Platform>
                    <Platform Name="iOSSimulator">
                        <Operation>1</Operation>
                        <Extensions>.dylib</Extensions>
                    </Platform>
                </DeployClass>
                <DeployClass Name="ProjectOSXResource">
                    <Platform Name="OSX32">
                        <RemoteDir>Contents\Resources</RemoteDir>
                        <Operation>1</Operation>
                    </Platform>
                </DeployClass>
                <DeployClass Name="AndroidClassesDexFile">
                    <Platform Name="Android">
                        <RemoteDir>classes</RemoteDir>
                        <Operation>1</Operation>
                    </Platform>
                </DeployClass>
                <DeployClass Name="AdditionalDebugSymbols">
                    <Platform Name="Win32">
                        <RemoteDir>Contents\MacOS</RemoteDir>
                        <Operation>0</Operation>
                    </Platform>
                    <Platform Name="iOSSimulator">
                        <Operation>1</Operation>
                    </Platform>
                    <Platform Name="OSX32">
                        <RemoteDir>Contents\MacOS</RemoteDir>
                        <Operation>1</Operation>
                    </Platform>
                </DeployClass>
                <DeployClass Name="iPad_Launch768">
                    <Platform Name="iOSSimulator">
                        <Operation>1</Operation>
                    </Platform>
                    <Platform Name="iOSDevice64">
                        <Operation>1</Operation>
                    </Platform>
                    <Platform Name="iOSDevice32">
                        <Operation>1</Operation>
                    </Platform>
                </DeployClass>
                <DeployClass Name="Android_LauncherIcon144">
                    <Platform Name="Android">
                        <RemoteDir>res\drawable-xxhdpi</RemoteDir>
                        <Operation>1</Operation>
                    </Platform>
                </DeployClass>
                <DeployClass Name="AndroidLibnativeMipsFile">
                    <Platform Name="Android">
                        <RemoteDir>library\lib\mips</RemoteDir>
                        <Operation>1</Operation>
                    </Platform>
                </DeployClass>
                <DeployClass Required="true" Name="ProjectOutput">
                    <Platform Name="Win32">
                        <Operation>0</Operation>
                    </Platform>
                    <Platform Name="iOSDevice64">
                        <Operation>1</Operation>
                    </Platform>
                    <Platform Name="OSX32">
                        <RemoteDir>Contents\MacOS</RemoteDir>
                        <Operation>1</Operation>
                    </Platform>
                    <Platform Name="iOSDevice32">
                        <Operation>1</Operation>
                    </Platform>
                    <Platform Name="Android">
                        <RemoteDir>library\lib\armeabi-v7a</RemoteDir>
                        <Operation>1</Operation>
                    </Platform>
                    <Platform Name="iOSSimulator">
                        <Operation>1</Operation>
                    </Platform>
                </DeployClass>
                <DeployClass Name="DependencyFramework">
                    <Platform Name="Win32">
                        <Operation>0</Operation>
                    </Platform>
                    <Platform Name="OSX32">
                        <RemoteDir>Contents\MacOS</RemoteDir>
                        <Operation>1</Operation>
                        <Extensions>.framework</Extensions>
                    </Platform>
                </DeployClass>
                <DeployClass Name="iPhone_Launch640">
                    <Platform Name="iOSSimulator">
                        <Operation>1</Operation>
                    </Platform>
                    <Platform Name="iOSDevice64">
                        <Operation>1</Operation>
                    </Platform>
                    <Platform Name="iOSDevice32">
                        <Operation>1</Operation>
                    </Platform>
                </DeployClass>
                <DeployClass Name="iPad_Launch1024">
                    <Platform Name="iOSSimulator">
                        <Operation>1</Operation>
                    </Platform>
                    <Platform Name="iOSDevice64">
                        <Operation>1</Operation>
                    </Platform>
                    <Platform Name="iOSDevice32">
                        <Operation>1</Operation>
                    </Platform>
                </DeployClass>
                <DeployClass Name="ProjectiOSDeviceDebug">
                    <Platform Name="iOSDevice64">
                        <RemoteDir>..\$(PROJECTNAME).app.dSYM\Contents\Resources\DWARF</RemoteDir>
                        <Operation>1</Operation>
                    </Platform>
                    <Platform Name="iOSDevice32">
                        <RemoteDir>..\$(PROJECTNAME).app.dSYM\Contents\Resources\DWARF</RemoteDir>
                        <Operation>1</Operation>
                    </Platform>
                </DeployClass>
                <DeployClass Name="AndroidLibnativeX86File">
                    <Platform Name="Android">
                        <RemoteDir>library\lib\x86</RemoteDir>
                        <Operation>1</Operation>
                    </Platform>
                </DeployClass>
                <DeployClass Name="iPhone_Launch320">
                    <Platform Name="iOSSimulator">
                        <Operation>1</Operation>
                    </Platform>
                    <Platform Name="iOSDevice64">
                        <Operation>1</Operation>
                    </Platform>
                    <Platform Name="iOSDevice32">
                        <Operation>1</Operation>
                    </Platform>
                </DeployClass>
                <DeployClass Name="ProjectiOSInfoPList">
                    <Platform Name="iOSSimulator">
                        <Operation>1</Operation>
                    </Platform>
                    <Platform Name="iOSDevice64">
                        <Operation>1</Operation>
                    </Platform>
                    <Platform Name="iOSDevice32">
                        <Operation>1</Operation>
                    </Platform>
                </DeployClass>
                <DeployClass Name="AndroidLibnativeArmeabiFile">
                    <Platform Name="Android">
                        <RemoteDir>library\lib\armeabi</RemoteDir>
                        <Operation>1</Operation>
                    </Platform>
                </DeployClass>
                <DeployClass Name="DebugSymbols">
                    <Platform Name="Win32">
                        <Operation>0</Operation>
                    </Platform>
                    <Platform Name="iOSSimulator">
                        <Operation>1</Operation>
                    </Platform>
                    <Platform Name="OSX32">
                        <RemoteDir>Contents\MacOS</RemoteDir>
                        <Operation>1</Operation>
                    </Platform>
                </DeployClass>
                <DeployClass Name="iPad_Launch1536">
                    <Platform Name="iOSSimulator">
                        <Operation>1</Operation>
                    </Platform>
                    <Platform Name="iOSDevice64">
                        <Operation>1</Operation>
                    </Platform>
                    <Platform Name="iOSDevice32">
                        <Operation>1</Operation>
                    </Platform>
                </DeployClass>
                <DeployClass Name="Android_SplashImage470">
                    <Platform Name="Android">
                        <RemoteDir>res\drawable-normal</RemoteDir>
                        <Operation>1</Operation>
                    </Platform>
                </DeployClass>
                <DeployClass Name="Android_LauncherIcon96">
                    <Platform Name="Android">
                        <RemoteDir>res\drawable-xhdpi</RemoteDir>
                        <Operation>1</Operation>
                    </Platform>
                </DeployClass>
                <DeployClass Name="Android_SplashImage640">
                    <Platform Name="Android">
                        <RemoteDir>res\drawable-large</RemoteDir>
                        <Operation>1</Operation>
                    </Platform>
                </DeployClass>
                <DeployClass Name="iPhone_Launch640x1136">
                    <Platform Name="iOSSimulator">
                        <Operation>1</Operation>
                    </Platform>
                    <Platform Name="iOSDevice64">
                        <Operation>1</Operation>
                    </Platform>
                    <Platform Name="iOSDevice32">
                        <Operation>1</Operation>
                    </Platform>
                </DeployClass>
                <DeployClass Name="ProjectiOSEntitlements">
                    <Platform Name="iOSDevice64">
                        <RemoteDir>../</RemoteDir>
                        <Operation>1</Operation>
                    </Platform>
                    <Platform Name="iOSDevice32">
                        <RemoteDir>../</RemoteDir>
                        <Operation>1</Operation>
                    </Platform>
                </DeployClass>
                <DeployClass Name="Android_LauncherIcon72">
                    <Platform Name="Android">
                        <RemoteDir>res\drawable-hdpi</RemoteDir>
                        <Operation>1</Operation>
                    </Platform>
                </DeployClass>
                <DeployClass Name="AndroidGDBServer">
                    <Platform Name="Android">
                        <RemoteDir>library\lib\armeabi-v7a</RemoteDir>
                        <Operation>1</Operation>
                    </Platform>
                </DeployClass>
                <DeployClass Name="ProjectOSXInfoPList">
                    <Platform Name="OSX32">
                        <RemoteDir>Contents</RemoteDir>
                        <Operation>1</Operation>
                    </Platform>
                </DeployClass>
                <DeployClass Name="ProjectOSXEntitlements">
                    <Platform Name="OSX32">
                        <RemoteDir>../</RemoteDir>
                        <Operation>1</Operation>
                    </Platform>
                </DeployClass>
                <DeployClass Name="iPad_Launch2048">
                    <Platform Name="iOSSimulator">
                        <Operation>1</Operation>
                    </Platform>
                    <Platform Name="iOSDevice64">
                        <Operation>1</Operation>
                    </Platform>
                    <Platform Name="iOSDevice32">
                        <Operation>1</Operation>
                    </Platform>
                </DeployClass>
                <DeployClass Name="AndroidSplashStyles">
                    <Platform Name="Android">
                        <RemoteDir>res\values</RemoteDir>
                        <Operation>1</Operation>
                    </Platform>
                </DeployClass>
                <DeployClass Name="Android_SplashImage426">
                    <Platform Name="Android">
                        <RemoteDir>res\drawable-small</RemoteDir>
                        <Operation>1</Operation>
                    </Platform>
                </DeployClass>
                <DeployClass Name="AndroidSplashImageDef">
                    <Platform Name="Android">
                        <RemoteDir>res\drawable</RemoteDir>
                        <Operation>1</Operation>
                    </Platform>
                </DeployClass>
                <DeployClass Name="ProjectiOSResource">
                    <Platform Name="iOSSimulator">
                        <Operation>1</Operation>
                    </Platform>
                    <Platform Name="iOSDevice64">
                        <Operation>1</Operation>
                    </Platform>
                    <Platform Name="iOSDevice32">
                        <Operation>1</Operation>
                    </Platform>
                </DeployClass>
                <DeployClass Name="ProjectAndroidManifest">
                    <Platform Name="Android">
                        <Operation>1</Operation>
                    </Platform>
                </DeployClass>
                <DeployClass Name="Android_DefaultAppIcon">
                    <Platform Name="Android">
                        <RemoteDir>res\drawable</RemoteDir>
                        <Operation>1</Operation>
                    </Platform>
                </DeployClass>
                <DeployClass Name="File">
                    <Platform Name="Win32">
                        <Operation>0</Operation>
                    </Platform>
                    <Platform Name="iOSDevice64">
                        <Operation>0</Operation>
                    </Platform>
                    <Platform Name="OSX32">
                        <RemoteDir>Contents\Resources\StartUp\</RemoteDir>
                        <Operation>0</Operation>
                    </Platform>
                    <Platform Name="iOSDevice32">
                        <Operation>0</Operation>
                    </Platform>
                    <Platform Name="Android">
                        <Operation>0</Operation>
                    </Platform>
                    <Platform Name="iOSSimulator">
                        <Operation>0</Operation>
                    </Platform>
                </DeployClass>
                <DeployClass Name="AndroidServiceOutput">
                    <Platform Name="Android">
                        <RemoteDir>library\lib\armeabi-v7a</RemoteDir>
                        <Operation>1</Operation>
                    </Platform>
                </DeployClass>
                <DeployClass Required="true" Name="DependencyPackage">
                    <Platform Name="Win32">
                        <Operation>0</Operation>
                        <Extensions>.bpl</Extensions>
                    </Platform>
                    <Platform Name="iOSDevice64">
                        <Operation>1</Operation>
                        <Extensions>.dylib</Extensions>
                    </Platform>
                    <Platform Name="OSX32">
                        <RemoteDir>Contents\MacOS</RemoteDir>
                        <Operation>1</Operation>
                        <Extensions>.dylib</Extensions>
                    </Platform>
                    <Platform Name="iOSDevice32">
                        <Operation>1</Operation>
                        <Extensions>.dylib</Extensions>
                    </Platform>
                    <Platform Name="iOSSimulator">
                        <Operation>1</Operation>
                        <Extensions>.dylib</Extensions>
                    </Platform>
                </DeployClass>
                <DeployClass Name="Android_LauncherIcon48">
                    <Platform Name="Android">
                        <RemoteDir>res\drawable-mdpi</RemoteDir>
                        <Operation>1</Operation>
                    </Platform>
                </DeployClass>
                <DeployClass Name="Android_SplashImage960">
                    <Platform Name="Android">
                        <RemoteDir>res\drawable-xlarge</RemoteDir>
                        <Operation>1</Operation>
                    </Platform>
                </DeployClass>
                <DeployClass Name="Android_LauncherIcon36">
                    <Platform Name="Android">
                        <RemoteDir>res\drawable-ldpi</RemoteDir>
                        <Operation>1</Operation>
                    </Platform>
                </DeployClass>
                <DeployClass Name="ProjectiOSDeviceResourceRules">
                    <Platform Name="iOSDevice64">
                        <Operation>1</Operation>
                    </Platform>
                    <Platform Name="iOSDevice32">
                        <Operation>1</Operation>
                    </Platform>
                </DeployClass>
                <ProjectRoot Platform="iOSDevice64" Name="$(PROJECTNAME).app"/>
                <ProjectRoot Platform="Win64" Name="$(PROJECTNAME)"/>
                <ProjectRoot Platform="iOSDevice32" Name="$(PROJECTNAME).app"/>
                <ProjectRoot Platform="Win32" Name="$(PROJECTNAME)"/>
                <ProjectRoot Platform="OSX32" Name="$(PROJECTNAME).app"/>
                <ProjectRoot Platform="Android" Name="$(PROJECTNAME)"/>
                <ProjectRoot Platform="iOSSimulator" Name="$(PROJECTNAME).app"/>
            </Deployment>
        </BorlandProject>
        <ProjectFileVersion>12</ProjectFileVersion>
    </ProjectExtensions>
    <Import Project="$(BDS)\Bin\CodeGear.Delphi.Targets" Condition="Exists('$(BDS)\Bin\CodeGear.Delphi.Targets')"/>
    <Import Project="$(APPDATA)\Embarcadero\$(BDSAPPDATABASEDIR)\$(PRODUCTVERSION)\UserTools.proj" Condition="Exists('$(APPDATA)\Embarcadero\$(BDSAPPDATABASEDIR)\$(PRODUCTVERSION)\UserTools.proj')"/>
    <Import Project="$(MSBuildProjectName).deployproj" Condition="Exists('$(MSBuildProjectName).deployproj')"/>
</Project>
